
Microsoft Visual Studio Solution File, Format Version 12.00
# Visual Studio Version 16
VisualStudioVersion = 16.0.29728.190
MinimumVisualStudioVersion = 10.0.40219.1
Project("{2150E333-8FDC-42A3-9474-1A3956D46DE8}") = "1-API", "1-API", "{17A0E930-0F9C-4756-99A9-043B89906D28}"
EndProject
Project("{2150E333-8FDC-42A3-9474-1A3956D46DE8}") = "2-Domain", "2-Domain", "{4554B621-FFEC-4495-A273-C81028ED5519}"
EndProject
Project("{2150E333-8FDC-42A3-9474-1A3956D46DE8}") = "3-Infrastructure", "3-Infrastructure", "{AE34CA34-0E49-4D60-B7F6-A9442E9D0E45}"
EndProject
Project("{2150E333-8FDC-42A3-9474-1A3956D46DE8}") = "4-Tests", "4-Tests", "{AD8B8397-6BA8-4643-9AE2-2EBBE67FEE51}"
EndProject
Project("{2150E333-8FDC-42A3-9474-1A3956D46DE8}") = "Solution Items", "Solution Items", "{621E8B30-8A72-4C15-BEAF-CF46FA6F182C}"
	ProjectSection(SolutionItems) = preProject
		README.md = README.md
	EndProjectSection
EndProject
Project("{9A19103F-16F7-4668-BE54-9A1E7A4F7556}") = "FSOLID.Domain", "FSOLID.Domain\FSOLID.Domain.csproj", "{AD39288C-9C3D-4AB6-B30E-15EDAF786AC8}"
EndProject
Project("{9A19103F-16F7-4668-BE54-9A1E7A4F7556}") = "FSOLID.Commom", "FSOLID.Commom\FSOLID.Commom.csproj", "{86FE4B42-D9A3-4064-B51E-2C995D46A043}"
EndProject
Project("{9A19103F-16F7-4668-BE54-9A1E7A4F7556}") = "FSOLID.Cross.IoC", "FSOLID.Cross.IoC\FSOLID.Cross.IoC.csproj", "{F2F052F3-05F1-4071-B4FE-A33A99B8A613}"
EndProject
Project("{9A19103F-16F7-4668-BE54-9A1E7A4F7556}") = "FSOLID.Database", "FSOLID.Database\FSOLID.Database.csproj", "{12F6E2B6-2319-4E13-B367-3B75240666D1}"
EndProject
Project("{9A19103F-16F7-4668-BE54-9A1E7A4F7556}") = "FSOLID.Service", "FSOLID.API\FSOLID.Service.csproj", "{92B5F83E-09E1-40EA-983A-62E5E5F7360F}"
EndProject
Global
	GlobalSection(SolutionConfigurationPlatforms) = preSolution
		Debug|Any CPU = Debug|Any CPU
		Release|Any CPU = Release|Any CPU
	EndGlobalSection
	GlobalSection(ProjectConfigurationPlatforms) = postSolution
		{AD39288C-9C3D-4AB6-B30E-15EDAF786AC8}.Debug|Any CPU.ActiveCfg = Debug|Any CPU
		{AD39288C-9C3D-4AB6-B30E-15EDAF786AC8}.Debug|Any CPU.Build.0 = Debug|Any CPU
		{AD39288C-9C3D-4AB6-B30E-15EDAF786AC8}.Release|Any CPU.ActiveCfg = Release|Any CPU
		{AD39288C-9C3D-4AB6-B30E-15EDAF786AC8}.Release|Any CPU.Build.0 = Release|Any CPU
		{86FE4B42-D9A3-4064-B51E-2C995D46A043}.Debug|Any CPU.ActiveCfg = Debug|Any CPU
		{86FE4B42-D9A3-4064-B51E-2C995D46A043}.Debug|Any CPU.Build.0 = Debug|Any CPU
		{86FE4B42-D9A3-4064-B51E-2C995D46A043}.Release|Any CPU.ActiveCfg = Release|Any CPU
		{86FE4B42-D9A3-4064-B51E-2C995D46A043}.Release|Any CPU.Build.0 = Release|Any CPU
		{F2F052F3-05F1-4071-B4FE-A33A99B8A613}.Debug|Any CPU.ActiveCfg = Debug|Any CPU
		{F2F052F3-05F1-4071-B4FE-A33A99B8A613}.Debug|Any CPU.Build.0 = Debug|Any CPU
		{F2F052F3-05F1-4071-B4FE-A33A99B8A613}.Release|Any CPU.ActiveCfg = Release|Any CPU
		{F2F052F3-05F1-4071-B4FE-A33A99B8A613}.Release|Any CPU.Build.0 = Release|Any CPU
		{12F6E2B6-2319-4E13-B367-3B75240666D1}.Debug|Any CPU.ActiveCfg = Debug|Any CPU
		{12F6E2B6-2319-4E13-B367-3B75240666D1}.Debug|Any CPU.Build.0 = Debug|Any CPU
		{12F6E2B6-2319-4E13-B367-3B75240666D1}.Release|Any CPU.ActiveCfg = Release|Any CPU
		{12F6E2B6-2319-4E13-B367-3B75240666D1}.Release|Any CPU.Build.0 = Release|Any CPU
		{92B5F83E-09E1-40EA-983A-62E5E5F7360F}.Debug|Any CPU.ActiveCfg = Debug|Any CPU
		{92B5F83E-09E1-40EA-983A-62E5E5F7360F}.Debug|Any CPU.Build.0 = Debug|Any CPU
		{92B5F83E-09E1-40EA-983A-62E5E5F7360F}.Release|Any CPU.ActiveCfg = Release|Any CPU
		{92B5F83E-09E1-40EA-983A-62E5E5F7360F}.Release|Any CPU.Build.0 = Release|Any CPU
	EndGlobalSection
	GlobalSection(SolutionProperties) = preSolution
		HideSolutionNode = FALSE
	EndGlobalSection
	GlobalSection(NestedProjects) = preSolution
		{AD39288C-9C3D-4AB6-B30E-15EDAF786AC8} = {4554B621-FFEC-4495-A273-C81028ED5519}
		{86FE4B42-D9A3-4064-B51E-2C995D46A043} = {4554B621-FFEC-4495-A273-C81028ED5519}
		{F2F052F3-05F1-4071-B4FE-A33A99B8A613} = {AE34CA34-0E49-4D60-B7F6-A9442E9D0E45}
		{12F6E2B6-2319-4E13-B367-3B75240666D1} = {AE34CA34-0E49-4D60-B7F6-A9442E9D0E45}
		{92B5F83E-09E1-40EA-983A-62E5E5F7360F} = {17A0E930-0F9C-4756-99A9-043B89906D28}
	EndGlobalSection
	GlobalSection(ExtensibilityGlobals) = postSolution
		SolutionGuid = {41F17F74-B84D-4C08-8EEA-D2F51CDB50F4}
	EndGlobalSection
EndGlobal
